
Microsoft Visual Studio Solution File, Format Version 12.00
# Visual Studio 15
VisualStudioVersion = 15.0.35116.124
MinimumVisualStudioVersion = 10.0.40219.1
Project("{E24C65DC-7377-472B-9ABA-BC803B73C61A}") = "oceanwarriorsdive.com", "oceanwarriorsdive.com\", "{A2845B99-3ADB-4539-A387-B16F150CE416}"
	ProjectSection(WebsiteProperties) = preProject
		TargetFrameworkMoniker = ".NETFramework,Version%3Dv4.8"
		Debug.AspNetCompiler.VirtualPath = "/localhost_54496"
		Debug.AspNetCompiler.PhysicalPath = "oceanwarriorsdive.com\"
		Debug.AspNetCompiler.TargetPath = "PrecompiledWeb\localhost_54496\"
		Debug.AspNetCompiler.Updateable = "true"
		Debug.AspNetCompiler.ForceOverwrite = "true"
		Debug.AspNetCompiler.FixedNames = "false"
		Debug.AspNetCompiler.Debug = "True"
		Release.AspNetCompiler.VirtualPath = "/localhost_54496"
		Release.AspNetCompiler.PhysicalPath = "oceanwarriorsdive.com\"
		Release.AspNetCompiler.TargetPath = "PrecompiledWeb\localhost_54496\"
		Release.AspNetCompiler.Updateable = "true"
		Release.AspNetCompiler.ForceOverwrite = "true"
		Release.AspNetCompiler.FixedNames = "false"
		Release.AspNetCompiler.Debug = "False"
		VWDPort = "54496"
		SlnRelativePath = "oceanwarriorsdive.com\"
		DefaultWebSiteLanguage = "Visual C#"
	EndProjectSection
EndProject
Global
	GlobalSection(SolutionConfigurationPlatforms) = preSolution
		Debug|Any CPU = Debug|Any CPU
	EndGlobalSection
	GlobalSection(ProjectConfigurationPlatforms) = postSolution
		{A2845B99-3ADB-4539-A387-B16F150CE416}.Debug|Any CPU.ActiveCfg = Debug|Any CPU
		{A2845B99-3ADB-4539-A387-B16F150CE416}.Debug|Any CPU.Build.0 = Debug|Any CPU
	EndGlobalSection
	GlobalSection(SolutionProperties) = preSolution
		HideSolutionNode = FALSE
	EndGlobalSection
	GlobalSection(ExtensibilityGlobals) = postSolution
		SolutionGuid = {83439E64-6937-48F2-81C6-20FED65452E3}
	EndGlobalSection
EndGlobal
